
Microsoft Visual Studio Solution File, Format Version 12.00
# Visual Studio Version 17
VisualStudioVersion = 17.0.32014.148
MinimumVisualStudioVersion = 10.0.40219.1
Project("{FAE04EC0-301F-11D3-BF4B-00C04F79EFBC}") = "cursoAluraCSharp", "cursoAluraCSharp\cursoAluraCSharp.csproj", "{0A907335-1937-4848-9FF5-60AEB9892ECC}"
EndProject
Global
	GlobalSection(SolutionConfigurationPlatforms) = preSolution
		Debug|Any CPU = Debug|Any CPU
		Release|Any CPU = Release|Any CPU
	EndGlobalSection
	GlobalSection(ProjectConfigurationPlatforms) = postSolution
		{0A907335-1937-4848-9FF5-60AEB9892ECC}.Debug|Any CPU.ActiveCfg = Debug|Any CPU
		{0A907335-1937-4848-9FF5-60AEB9892ECC}.Debug|Any CPU.Build.0 = Debug|Any CPU
		{0A907335-1937-4848-9FF5-60AEB9892ECC}.Release|Any CPU.ActiveCfg = Release|Any CPU
		{0A907335-1937-4848-9FF5-60AEB9892ECC}.Release|Any CPU.Build.0 = Release|Any CPU
	EndGlobalSection
	GlobalSection(SolutionProperties) = preSolution
		HideSolutionNode = FALSE
	EndGlobalSection
	GlobalSection(ExtensibilityGlobals) = postSolution
		SolutionGuid = {78D09083-6F65-41F0-8655-726B949D71F8}
	EndGlobalSection
EndGlobal
